// !$*UTF8*$!
{
	archiveVersion = 1;
	classes = {
	};
	objectVersion = 77;
	objects = {

/* Begin PBXBuildFile section */
		48B8C627304B3BA700DEEFF0 /* Subject.swift in Sources */ = {isa = PBXBuildFile; fileRef = 48B8C626304B3BA700DEEFF0 /* Subject.swift */; };
		48B8C629304B3D4C00DEEFF0 /* RevisionSession.swift in Sources */ = {isa = PBXBuildFile; fileRef = 48B8C628304B3D4C00DEEFF0 /* RevisionSession.swift */; };
		48B8C62B304B416A00DEEFF0 /* SharedModelContainer.swift in Sources */ = {isa = PBXBuildFile; fileRef = 48B8C62A304B416A00DEEFF0 /* SharedModelContainer.swift */; };
		48B8C62E304CB93B00DEEFF0 /* ContributionGraphCalculator.swift in Sources */ = {isa = PBXBuildFile; fileRef = 48B8C62D304CB93B00DEEFF0 /* ContributionGraphCalculator.swift */; };
		48B8C630304CBD1E00DEEFF0 /* StreakCalculator.swift in Sources */ = {isa = PBXBuildFile; fileRef = 48B8C62F304CBD1E00DEEFF0 /* StreakCalculator.swift */; };
		48B8C633304CBE3100DEEFF0 /* ContributionGraphView.swift in Sources */ = {isa = PBXBuildFile; fileRef = 48B8C632304CBE3100DEEFF0 /* ContributionGraphView.swift */; };
		48B8C636304DBFA200DEEFF0 /* SubjectPickerView.swift in Sources */ = {isa = PBXBuildFile; fileRef = 48B8C635304DBFA200DEEFF0 /* SubjectPickerView.swift */; };
		48B8C638304DC46500DEEFF0 /* ManualLogFormView.swift in Sources */ = {isa = PBXBuildFile; fileRef = 48B8C637304DC46500DEEFF0 /* ManualLogFormView.swift */; };
		48B8C63A304DCCDC00DEEFF0 /* TimerLogView.swift in Sources */ = {isa = PBXBuildFile; fileRef = 48B8C639304DCCDC00DEEFF0 /* TimerLogView.swift */; };
		48DE7306304F4D9B00C61453 /* LogPanelViewModel.swift in Sources */ = {isa = PBXBuildFile; fileRef = 48DE7305304F4D9B00C61453 /* LogPanelViewModel.swift */; };
		48DE7308304F4F0B00C61453 /* LogChoiceView.swift in Sources */ = {isa = PBXBuildFile; fileRef = 48DE7307304F4F0B00C61453 /* LogChoiceView.swift */; };
		48DE730A304F505C00C61453 /* LogPanelContainer.swift in Sources */ = {isa = PBXBuildFile; fileRef = 48DE7309304F505C00C61453 /* LogPanelContainer.swift */; };
/* End PBXBuildFile section */

/* Begin PBXContainerItemProxy section */
		48B8C607304A143300DEEFF0 /* PBXContainerItemProxy */ = {
			isa = PBXContainerItemProxy;
			containerPortal = 48B8C5F1304A143200DEEFF0 /* Project object */;
			proxyType = 1;
			remoteGlobalIDString = 48B8C5F8304A143200DEEFF0;
			remoteInfo = ReviseGrid;
		};
		48B8C611304A143300DEEFF0 /* PBXContainerItemProxy */ = {
			isa = PBXContainerItemProxy;
			containerPortal = 48B8C5F1304A143200DEEFF0 /* Project object */;
			proxyType = 1;
			remoteGlobalIDString = 48B8C5F8304A143200DEEFF0;
			remoteInfo = ReviseGrid;
		};
/* End PBXContainerItemProxy section */

/* Begin PBXFileReference section */
		48B8C5F9304A143300DEEFF0 /* ReviseGrid.app */ = {isa = PBXFileReference; explicitFileType = wrapper.application; includeInIndex = 0; path = ReviseGrid.app; sourceTree = BUILT_PRODUCTS_DIR; };
		48B8C606304A143300DEEFF0 /* ReviseGridTests.xctest */ = {isa = PBXFileReference; explicitFileType = wrapper.cfbundle; includeInIndex = 0; path = ReviseGridTests.xctest; sourceTree = BUILT_PRODUCTS_DIR; };
		48B8C610304A143300DEEFF0 /* ReviseGridUITests.xctest */ = {isa = PBXFileReference; explicitFileType = wrapper.cfbundle; includeInIndex = 0; path = ReviseGridUITests.xctest; sourceTree = BUILT_PRODUCTS_DIR; };
		48B8C626304B3BA700DEEFF0 /* Subject.swift */ = {isa = PBXFileReference; lastKnownFileType = sourcecode.swift; path = Subject.swift; sourceTree = "<group>"; };
		48B8C628304B3D4C00DEEFF0 /* RevisionSession.swift */ = {isa = PBXFileReference; lastKnownFileType = sourcecode.swift; path = RevisionSession.swift; sourceTree = "<group>"; };
		48B8C62A304B416A00DEEFF0 /* SharedModelContainer.swift */ = {isa = PBXFileReference; lastKnownFileType = sourcecode.swift; path = SharedModelContainer.swift; sourceTree = "<group>"; };
		48B8C62D304CB93B00DEEFF0 /* ContributionGraphCalculator.swift */ = {isa = PBXFileReference; lastKnownFileType = sourcecode.swift; path = ContributionGraphCalculator.swift; sourceTree = "<group>"; };
		48B8C62F304CBD1E00DEEFF0 /* StreakCalculator.swift */ = {isa = PBXFileReference; lastKnownFileType = sourcecode.swift; path = StreakCalculator.swift; sourceTree = "<group>"; };
		48B8C632304CBE3100DEEFF0 /* ContributionGraphView.swift */ = {isa = PBXFileReference; lastKnownFileType = sourcecode.swift; path = ContributionGraphView.swift; sourceTree = "<group>"; };
		48B8C635304DBFA200DEEFF0 /* SubjectPickerView.swift */ = {isa = PBXFileReference; lastKnownFileType = sourcecode.swift; path = SubjectPickerView.swift; sourceTree = "<group>"; };
		48B8C637304DC46500DEEFF0 /* ManualLogFormView.swift */ = {isa = PBXFileReference; lastKnownFileType = sourcecode.swift; path = ManualLogFormView.swift; sourceTree = "<group>"; };
		48B8C639304DCCDC00DEEFF0 /* TimerLogView.swift */ = {isa = PBXFileReference; lastKnownFileType = sourcecode.swift; path = TimerLogView.swift; sourceTree = "<group>"; };
		48DE7305304F4D9B00C61453 /* LogPanelViewModel.swift */ = {isa = PBXFileReference; lastKnownFileType = sourcecode.swift; path = LogPanelViewModel.swift; sourceTree = "<group>"; };
		48DE7307304F4F0B00C61453 /* LogChoiceView.swift */ = {isa = PBXFileReference; lastKnownFileType = sourcecode.swift; path = LogChoiceView.swift; sourceTree = "<group>"; };
		48DE7309304F505C00C61453 /* LogPanelContainer.swift */ = {isa = PBXFileReference; lastKnownFileType = sourcecode.swift; path = LogPanelContainer.swift; sourceTree = "<group>"; };
/* End PBXFileReference section */

/* Begin PBXFileSystemSynchronizedRootGroup section */
		48B8C5FB304A143300DEEFF0 /* ReviseGrid */ = {
			isa = PBXFileSystemSynchronizedRootGroup;
			path = ReviseGrid;
			sourceTree = "<group>";
		};
		48B8C609304A143300DEEFF0 /* ReviseGridTests */ = {
			isa = PBXFileSystemSynchronizedRootGroup;
			path = ReviseGridTests;
			sourceTree = "<group>";
		};
		48B8C613304A143300DEEFF0 /* ReviseGridUITests */ = {
			isa = PBXFileSystemSynchronizedRootGroup;
			path = ReviseGridUITests;
			sourceTree = "<group>";
		};
/* End PBXFileSystemSynchronizedRootGroup section */

/* Begin PBXFrameworksBuildPhase section */
		48B8C5F6304A143200DEEFF0 /* Frameworks */ = {
			isa = PBXFrameworksBuildPhase;
			buildActionMask = 2147483647;
			files = (
			);
			runOnlyForDeploymentPostprocessing = 0;
		};
		48B8C603304A143300DEEFF0 /* Frameworks */ = {
			isa = PBXFrameworksBuildPhase;
			buildActionMask = 2147483647;
			files = (
			);
			runOnlyForDeploymentPostprocessing = 0;
		};
		48B8C60D304A143300DEEFF0 /* Frameworks */ = {
			isa = PBXFrameworksBuildPhase;
			buildActionMask = 2147483647;
			files = (
			);
			runOnlyForDeploymentPostprocessing = 0;
		};
/* End PBXFrameworksBuildPhase section */

/* Begin PBXGroup section */
		48B8C5F0304A143200DEEFF0 = {
			isa = PBXGroup;
			children = (
				48DE7304304F4D7D00C61453 /* ViewModels */,
				48B8C624304B3B6800DEEFF0 /* Shared */,
				48B8C5FB304A143300DEEFF0 /* ReviseGrid */,
				48B8C609304A143300DEEFF0 /* ReviseGridTests */,
				48B8C613304A143300DEEFF0 /* ReviseGridUITests */,
				48B8C5FA304A143300DEEFF0 /* Products */,
			);
			sourceTree = "<group>";
		};
		48B8C5FA304A143300DEEFF0 /* Products */ = {
			isa = PBXGroup;
			children = (
				48B8C5F9304A143300DEEFF0 /* ReviseGrid.app */,
				48B8C606304A143300DEEFF0 /* ReviseGridTests.xctest */,
				48B8C610304A143300DEEFF0 /* ReviseGridUITests.xctest */,
			);
			name = Products;
			sourceTree = "<group>";
		};
		48B8C624304B3B6800DEEFF0 /* Shared */ = {
			isa = PBXGroup;
			children = (
				48B8C631304CBE1B00DEEFF0 /* Views */,
				48B8C62C304CB91A00DEEFF0 /* Logic */,
				48B8C625304B3B8C00DEEFF0 /* Models */,
				48B8C62A304B416A00DEEFF0 /* SharedModelContainer.swift */,
			);
			path = Shared;
			sourceTree = "<group>";
		};
		48B8C625304B3B8C00DEEFF0 /* Models */ = {
			isa = PBXGroup;
			children = (
				48B8C626304B3BA700DEEFF0 /* Subject.swift */,
				48B8C628304B3D4C00DEEFF0 /* RevisionSession.swift */,
			);
			path = Models;
			sourceTree = "<group>";
		};
		48B8C62C304CB91A00DEEFF0 /* Logic */ = {
			isa = PBXGroup;
			children = (
				48B8C62D304CB93B00DEEFF0 /* ContributionGraphCalculator.swift */,
				48B8C62F304CBD1E00DEEFF0 /* StreakCalculator.swift */,
			);
			path = Logic;
			sourceTree = "<group>";
		};
		48B8C631304CBE1B00DEEFF0 /* Views */ = {
			isa = PBXGroup;
			children = (
				48B8C634304DBF8B00DEEFF0 /* LogPanel */,
				48B8C632304CBE3100DEEFF0 /* ContributionGraphView.swift */,
			);
			path = Views;
			sourceTree = "<group>";
		};
		48B8C634304DBF8B00DEEFF0 /* LogPanel */ = {
			isa = PBXGroup;
			children = (
				48B8C635304DBFA200DEEFF0 /* SubjectPickerView.swift */,
				48B8C637304DC46500DEEFF0 /* ManualLogFormView.swift */,
				48B8C639304DCCDC00DEEFF0 /* TimerLogView.swift */,
			);
			path = LogPanel;
			sourceTree = "<group>";
		};
		48DE7304304F4D7D00C61453 /* ViewModels */ = {
			isa = PBXGroup;
			children = (
				48DE7305304F4D9B00C61453 /* LogPanelViewModel.swift */,
				48DE7307304F4F0B00C61453 /* LogChoiceView.swift */,
				48DE7309304F505C00C61453 /* LogPanelContainer.swift */,
			);
			path = ViewModels;
			sourceTree = "<group>";
		};
/* End PBXGroup section */

/* Begin PBXNativeTarget section */
		48B8C5F8304A143200DEEFF0 /* ReviseGrid */ = {
			isa = PBXNativeTarget;
			buildConfigurationList = 48B8C61A304A143300DEEFF0 /* Build configuration list for PBXNativeTarget "ReviseGrid" */;
			buildPhases = (
				48B8C5F5304A143200DEEFF0 /* Sources */,
				48B8C5F6304A143200DEEFF0 /* Frameworks */,
				48B8C5F7304A143200DEEFF0 /* Resources */,
			);
			buildRules = (
			);
			dependencies = (
			);
			fileSystemSynchronizedGroups = (
				48B8C5FB304A143300DEEFF0 /* ReviseGrid */,
			);
			name = ReviseGrid;
			packageProductDependencies = (
			);
			productName = ReviseGrid;
			productReference = 48B8C5F9304A143300DEEFF0 /* ReviseGrid.app */;
			productType = "com.apple.product-type.application";
		};
		48B8C605304A143300DEEFF0 /* ReviseGridTests */ = {
			isa = PBXNativeTarget;
			buildConfigurationList = 48B8C61D304A143300DEEFF0 /* Build configuration list for PBXNativeTarget "ReviseGridTests" */;
			buildPhases = (
				48B8C602304A143300DEEFF0 /* Sources */,
				48B8C603304A143300DEEFF0 /* Frameworks */,
				48B8C604304A143300DEEFF0 /* Resources */,
			);
			buildRules = (
			);
			dependencies = (
				48B8C608304A143300DEEFF0 /* PBXTargetDependency */,
			);
			fileSystemSynchronizedGroups = (
				48B8C609304A143300DEEFF0 /* ReviseGridTests */,
			);
			name = ReviseGridTests;
			packageProductDependencies = (
			);
			productName = ReviseGridTests;
			productReference = 48B8C606304A143300DEEFF0 /* ReviseGridTests.xctest */;
			productType = "com.apple.product-type.bundle.unit-test";
		};
		48B8C60F304A143300DEEFF0 /* ReviseGridUITests */ = {
			isa = PBXNativeTarget;
			buildConfigurationList = 48B8C620304A143300DEEFF0 /* Build configuration list for PBXNativeTarget "ReviseGridUITests" */;
			buildPhases = (
				48B8C60C304A143300DEEFF0 /* Sources */,
				48B8C60D304A143300DEEFF0 /* Frameworks */,
				48B8C60E304A143300DEEFF0 /* Resources */,
			);
			buildRules = (
			);
			dependencies = (
				48B8C612304A143300DEEFF0 /* PBXTargetDependency */,
			);
			fileSystemSynchronizedGroups = (
				48B8C613304A143300DEEFF0 /* ReviseGridUITests */,
			);
			name = ReviseGridUITests;
			packageProductDependencies = (
			);
			productName = ReviseGridUITests;
			productReference = 48B8C610304A143300DEEFF0 /* ReviseGridUITests.xctest */;
			productType = "com.apple.product-type.bundle.ui-testing";
		};
/* End PBXNativeTarget section */

/* Begin PBXProject section */
		48B8C5F1304A143200DEEFF0 /* Project object */ = {
			isa = PBXProject;
			attributes = {
				BuildIndependentTargetsInParallel = 1;
				LastSwiftUpdateCheck = 2660;
				LastUpgradeCheck = 2660;
				TargetAttributes = {
					48B8C5F8304A143200DEEFF0 = {
						CreatedOnToolsVersion = 26.6;
					};
					48B8C605304A143300DEEFF0 = {
						CreatedOnToolsVersion = 26.6;
						TestTargetID = 48B8C5F8304A143200DEEFF0;
					};
					48B8C60F304A143300DEEFF0 = {
						CreatedOnToolsVersion = 26.6;
						TestTargetID = 48B8C5F8304A143200DEEFF0;
					};
				};
			};
			buildConfigurationList = 48B8C5F4304A143200DEEFF0 /* Build configuration list for PBXProject "ReviseGrid" */;
			developmentRegion = en;
			hasScannedForEncodings = 0;
			knownRegions = (
				en,
				Base,
			);
			mainGroup = 48B8C5F0304A143200DEEFF0;
			minimizedProjectReferenceProxies = 1;
			preferredProjectObjectVersion = 77;
			productRefGroup = 48B8C5FA304A143300DEEFF0 /* Products */;
			projectDirPath = "";
			projectRoot = "";
			targets = (
				48B8C5F8304A143200DEEFF0 /* ReviseGrid */,
				48B8C605304A143300DEEFF0 /* ReviseGridTests */,
				48B8C60F304A143300DEEFF0 /* ReviseGridUITests */,
			);
		};
/* End PBXProject section */

/* Begin PBXResourcesBuildPhase section */
		48B8C5F7304A143200DEEFF0 /* Resources */ = {
			isa = PBXResourcesBuildPhase;
			buildActionMask = 2147483647;
			files = (
			);
			runOnlyForDeploymentPostprocessing = 0;
		};
		48B8C604304A143300DEEFF0 /* Resources */ = {
			isa = PBXResourcesBuildPhase;
			buildActionMask = 2147483647;
			files = (
			);
			runOnlyForDeploymentPostprocessing = 0;
		};
		48B8C60E304A143300DEEFF0 /* Resources */ = {
			isa = PBXResourcesBuildPhase;
			buildActionMask = 2147483647;
			files = (
			);
			runOnlyForDeploymentPostprocessing = 0;
		};
/* End PBXResourcesBuildPhase section */

/* Begin PBXSourcesBuildPhase section */
		48B8C5F5304A143200DEEFF0 /* Sources */ = {
			isa = PBXSourcesBuildPhase;
			buildActionMask = 2147483647;
			files = (
				48B8C62E304CB93B00DEEFF0 /* ContributionGraphCalculator.swift in Sources */,
				48DE7308304F4F0B00C61453 /* LogChoiceView.swift in Sources */,
				48B8C630304CBD1E00DEEFF0 /* StreakCalculator.swift in Sources */,
				48B8C633304CBE3100DEEFF0 /* ContributionGraphView.swift in Sources */,
				48B8C627304B3BA700DEEFF0 /* Subject.swift in Sources */,
				48B8C63A304DCCDC00DEEFF0 /* TimerLogView.swift in Sources */,
				48B8C636304DBFA200DEEFF0 /* SubjectPickerView.swift in Sources */,
				48DE730A304F505C00C61453 /* LogPanelContainer.swift in Sources */,
				48DE7306304F4D9B00C61453 /* LogPanelViewModel.swift in Sources */,
				48B8C62B304B416A00DEEFF0 /* SharedModelContainer.swift in Sources */,
				48B8C629304B3D4C00DEEFF0 /* RevisionSession.swift in Sources */,
				48B8C638304DC46500DEEFF0 /* ManualLogFormView.swift in Sources */,
			);
			runOnlyForDeploymentPostprocessing = 0;
		};
		48B8C602304A143300DEEFF0 /* Sources */ = {
			isa = PBXSourcesBuildPhase;
			buildActionMask = 2147483647;
			files = (
			);
			runOnlyForDeploymentPostprocessing = 0;
		};
		48B8C60C304A143300DEEFF0 /* Sources */ = {
			isa = PBXSourcesBuildPhase;
			buildActionMask = 2147483647;
			files = (
			);
			runOnlyForDeploymentPostprocessing = 0;
		};
/* End PBXSourcesBuildPhase section */

/* Begin PBXTargetDependency section */
		48B8C608304A143300DEEFF0 /* PBXTargetDependency */ = {
			isa = PBXTargetDependency;
			target = 48B8C5F8304A143200DEEFF0 /* ReviseGrid */;
			targetProxy = 48B8C607304A143300DEEFF0 /* PBXContainerItemProxy */;
		};
		48B8C612304A143300DEEFF0 /* PBXTargetDependency */ = {
			isa = PBXTargetDependency;
			target = 48B8C5F8304A143200DEEFF0 /* ReviseGrid */;
			targetProxy = 48B8C611304A143300DEEFF0 /* PBXContainerItemProxy */;
		};
/* End PBXTargetDependency section */

/* Begin XCBuildConfiguration section */
		48B8C618304A143300DEEFF0 /* Debug */ = {
			isa = XCBuildConfiguration;
			buildSettings = {
				ALWAYS_SEARCH_USER_PATHS = NO;
				ASSETCATALOG_COMPILER_GENERATE_SWIFT_ASSET_SYMBOL_EXTENSIONS = YES;
				CLANG_ANALYZER_NONNULL = YES;
				CLANG_ANALYZER_NUMBER_OBJECT_CONVERSION = YES_AGGRESSIVE;
				CLANG_CXX_LANGUAGE_STANDARD = "gnu++20";
				CLANG_ENABLE_MODULES = YES;
				CLANG_ENABLE_OBJC_ARC = YES;
				CLANG_ENABLE_OBJC_WEAK = YES;
				CLANG_WARN_BLOCK_CAPTURE_AUTORELEASING = YES;
				CLANG_WARN_BOOL_CONVERSION = YES;
				CLANG_WARN_COMMA = YES;
				CLANG_WARN_CONSTANT_CONVERSION = YES;
				CLANG_WARN_DEPRECATED_OBJC_IMPLEMENTATIONS = YES;
				CLANG_WARN_DIRECT_OBJC_ISA_USAGE = YES_ERROR;
				CLANG_WARN_DOCUMENTATION_COMMENTS = YES;
				CLANG_WARN_EMPTY_BODY = YES;
				CLANG_WARN_ENUM_CONVERSION = YES;
				CLANG_WARN_INFINITE_RECURSION = YES;
				CLANG_WARN_INT_CONVERSION = YES;
				CLANG_WARN_NON_LITERAL_NULL_CONVERSION = YES;
				CLANG_WARN_OBJC_IMPLICIT_RETAIN_SELF = YES;
				CLANG_WARN_OBJC_LITERAL_CONVERSION = YES;
				CLANG_WARN_OBJC_ROOT_CLASS = YES_ERROR;
				CLANG_WARN_QUOTED_INCLUDE_IN_FRAMEWORK_HEADER = YES;
				CLANG_WARN_RANGE_LOOP_ANALYSIS = YES;
				CLANG_WARN_STRICT_PROTOTYPES = YES;
				CLANG_WARN_SUSPICIOUS_MOVE = YES;
				CLANG_WARN_UNGUARDED_AVAILABILITY = YES_AGGRESSIVE;
				CLANG_WARN_UNREACHABLE_CODE = YES;
				CLANG_WARN__DUPLICATE_METHOD_MATCH = YES;
				COPY_PHASE_STRIP = NO;
				DEBUG_INFORMATION_FORMAT = dwarf;
				ENABLE_STRICT_OBJC_MSGSEND = YES;
				ENABLE_TESTABILITY = YES;
				ENABLE_USER_SCRIPT_SANDBOXING = YES;
				GCC_C_LANGUAGE_STANDARD = gnu17;
				GCC_DYNAMIC_NO_PIC = NO;
				GCC_NO_COMMON_BLOCKS = YES;
				GCC_OPTIMIZATION_LEVEL = 0;
				GCC_PREPROCESSOR_DEFINITIONS = (
					"DEBUG=1",
					"$(inherited)",
				);
				GCC_WARN_64_TO_32_BIT_CONVERSION = YES;
				GCC_WARN_ABOUT_RETURN_TYPE = YES_ERROR;
				GCC_WARN_UNDECLARED_SELECTOR = YES;
				GCC_WARN_UNINITIALIZED_AUTOS = YES_AGGRESSIVE;
				GCC_WARN_UNUSED_FUNCTION = YES;
				GCC_WARN_UNUSED_VARIABLE = YES;
				IPHONEOS_DEPLOYMENT_TARGET = 26.5;
				LOCALIZATION_PREFERS_STRING_CATALOGS = YES;
				MTL_ENABLE_DEBUG_INFO = INCLUDE_SOURCE;
				MTL_FAST_MATH = YES;
				ONLY_ACTIVE_ARCH = YES;
				SDKROOT = iphoneos;
				SWIFT_ACTIVE_COMPILATION_CONDITIONS = "DEBUG $(inherited)";
				SWIFT_OPTIMIZATION_LEVEL = "-Onone";
			};
			name = Debug;
		};
		48B8C619304A143300DEEFF0 /* Release */ = {
			isa = XCBuildConfiguration;
			buildSettings = {
				ALWAYS_SEARCH_USER_PATHS = NO;
				ASSETCATALOG_COMPILER_GENERATE_SWIFT_ASSET_SYMBOL_EXTENSIONS = YES;
				CLANG_ANALYZER_NONNULL = YES;
				CLANG_ANALYZER_NUMBER_OBJECT_CONVERSION = YES_AGGRESSIVE;
				CLANG_CXX_LANGUAGE_STANDARD = "gnu++20";
				CLANG_ENABLE_MODULES = YES;
				CLANG_ENABLE_OBJC_ARC = YES;
				CLANG_ENABLE_OBJC_WEAK = YES;
				CLANG_WARN_BLOCK_CAPTURE_AUTORELEASING = YES;
				CLANG_WARN_BOOL_CONVERSION = YES;
				CLANG_WARN_COMMA = YES;
				CLANG_WARN_CONSTANT_CONVERSION = YES;
				CLANG_WARN_DEPRECATED_OBJC_IMPLEMENTATIONS = YES;
				CLANG_WARN_DIRECT_OBJC_ISA_USAGE = YES_ERROR;
				CLANG_WARN_DOCUMENTATION_COMMENTS = YES;
				CLANG_WARN_EMPTY_BODY = YES;
				CLANG_WARN_ENUM_CONVERSION = YES;
				CLANG_WARN_INFINITE_RECURSION = YES;
				CLANG_WARN_INT_CONVERSION = YES;
				CLANG_WARN_NON_LITERAL_NULL_CONVERSION = YES;
				CLANG_WARN_OBJC_IMPLICIT_RETAIN_SELF = YES;
				CLANG_WARN_OBJC_LITERAL_CONVERSION = YES;
				CLANG_WARN_OBJC_ROOT_CLASS = YES_ERROR;
				CLANG_WARN_QUOTED_INCLUDE_IN_FRAMEWORK_HEADER = YES;
				CLANG_WARN_RANGE_LOOP_ANALYSIS = YES;
				CLANG_WARN_STRICT_PROTOTYPES = YES;
				CLANG_WARN_SUSPICIOUS_MOVE = YES;
				CLANG_WARN_UNGUARDED_AVAILABILITY = YES_AGGRESSIVE;
				CLANG_WARN_UNREACHABLE_CODE = YES;
				CLANG_WARN__DUPLICATE_METHOD_MATCH = YES;
				COPY_PHASE_STRIP = NO;
				DEBUG_INFORMATION_FORMAT = "dwarf-with-dsym";
				ENABLE_NS_ASSERTIONS = NO;
				ENABLE_STRICT_OBJC_MSGSEND = YES;
				ENABLE_USER_SCRIPT_SANDBOXING = YES;
				GCC_C_LANGUAGE_STANDARD = gnu17;
				GCC_NO_COMMON_BLOCKS = YES;
				GCC_WARN_64_TO_32_BIT_CONVERSION = YES;
				GCC_WARN_ABOUT_RETURN_TYPE = YES_ERROR;
				GCC_WARN_UNDECLARED_SELECTOR = YES;
				GCC_WARN_UNINITIALIZED_AUTOS = YES_AGGRESSIVE;
				GCC_WARN_UNUSED_FUNCTION = YES;
				GCC_WARN_UNUSED_VARIABLE = YES;
				IPHONEOS_DEPLOYMENT_TARGET = 26.5;
				LOCALIZATION_PREFERS_STRING_CATALOGS = YES;
				MTL_ENABLE_DEBUG_INFO = NO;
				MTL_FAST_MATH = YES;
				SDKROOT = iphoneos;
				SWIFT_COMPILATION_MODE = wholemodule;
				VALIDATE_PRODUCT = YES;
			};
			name = Release;
		};
		48B8C61B304A143300DEEFF0 /* Debug */ = {
			isa = XCBuildConfiguration;
			buildSettings = {
				ASSETCATALOG_COMPILER_APPICON_NAME = AppIcon;
				ASSETCATALOG_COMPILER_GLOBAL_ACCENT_COLOR_NAME = AccentColor;
				CODE_SIGN_ENTITLEMENTS = ReviseGrid/ReviseGrid.entitlements;
				CODE_SIGN_STYLE = Automatic;
				CURRENT_PROJECT_VERSION = 1;
				DEVELOPMENT_TEAM = "";
				ENABLE_PREVIEWS = YES;
				GENERATE_INFOPLIST_FILE = YES;
				INFOPLIST_KEY_UIApplicationSceneManifest_Generation = YES;
				INFOPLIST_KEY_UIApplicationSupportsIndirectInputEvents = YES;
				INFOPLIST_KEY_UILaunchScreen_Generation = YES;
				INFOPLIST_KEY_UISupportedInterfaceOrientations_iPad = "UIInterfaceOrientationPortrait UIInterfaceOrientationPortraitUpsideDown UIInterfaceOrientationLandscapeLeft UIInterfaceOrientationLandscapeRight";
				INFOPLIST_KEY_UISupportedInterfaceOrientations_iPhone = "UIInterfaceOrientationPortrait UIInterfaceOrientationLandscapeLeft UIInterfaceOrientationLandscapeRight";
				LD_RUNPATH_SEARCH_PATHS = (
					"$(inherited)",
					"@executable_path/Frameworks",
				);
				MARKETING_VERSION = 1.0;
				PRODUCT_BUNDLE_IDENTIFIER = com.mattypw.ReviseGrid;
				PRODUCT_NAME = "$(TARGET_NAME)";
				STRING_CATALOG_GENERATE_SYMBOLS = YES;
				SWIFT_APPROACHABLE_CONCURRENCY = YES;
				SWIFT_DEFAULT_ACTOR_ISOLATION = MainActor;
				SWIFT_EMIT_LOC_STRINGS = YES;
				SWIFT_UPCOMING_FEATURE_MEMBER_IMPORT_VISIBILITY = YES;
				SWIFT_VERSION = 5.0;
				TARGETED_DEVICE_FAMILY = "1,2";
			};
			name = Debug;
		};
		48B8C61C304A143300DEEFF0 /* Release */ = {
			isa = XCBuildConfiguration;
			buildSettings = {
				ASSETCATALOG_COMPILER_APPICON_NAME = AppIcon;
				ASSETCATALOG_COMPILER_GLOBAL_ACCENT_COLOR_NAME = AccentColor;
				CODE_SIGN_ENTITLEMENTS = ReviseGrid/ReviseGrid.entitlements;
				CODE_SIGN_STYLE = Automatic;
				CURRENT_PROJECT_VERSION = 1;
				DEVELOPMENT_TEAM = "";
				ENABLE_PREVIEWS = YES;
				GENERATE_INFOPLIST_FILE = YES;
				INFOPLIST_KEY_UIApplicationSceneManifest_Generation = YES;
				INFOPLIST_KEY_UIApplicationSupportsIndirectInputEvents = YES;
				INFOPLIST_KEY_UILaunchScreen_Generation = YES;
				INFOPLIST_KEY_UISupportedInterfaceOrientations_iPad = "UIInterfaceOrientationPortrait UIInterfaceOrientationPortraitUpsideDown UIInterfaceOrientationLandscapeLeft UIInterfaceOrientationLandscapeRight";
				INFOPLIST_KEY_UISupportedInterfaceOrientations_iPhone = "UIInterfaceOrientationPortrait UIInterfaceOrientationLandscapeLeft UIInterfaceOrientationLandscapeRight";
				LD_RUNPATH_SEARCH_PATHS = (
					"$(inherited)",
					"@executable_path/Frameworks",
				);
				MARKETING_VERSION = 1.0;
				PRODUCT_BUNDLE_IDENTIFIER = com.mattypw.ReviseGrid;
				PRODUCT_NAME = "$(TARGET_NAME)";
				STRING_CATALOG_GENERATE_SYMBOLS = YES;
				SWIFT_APPROACHABLE_CONCURRENCY = YES;
				SWIFT_DEFAULT_ACTOR_ISOLATION = MainActor;
				SWIFT_EMIT_LOC_STRINGS = YES;
				SWIFT_UPCOMING_FEATURE_MEMBER_IMPORT_VISIBILITY = YES;
				SWIFT_VERSION = 5.0;
				TARGETED_DEVICE_FAMILY = "1,2";
			};
			name = Release;
		};
		48B8C61E304A143300DEEFF0 /* Debug */ = {
			isa = XCBuildConfiguration;
			buildSettings = {
				BUNDLE_LOADER = "$(TEST_HOST)";
				CODE_SIGN_STYLE = Automatic;
				CURRENT_PROJECT_VERSION = 1;
				GENERATE_INFOPLIST_FILE = YES;
				IPHONEOS_DEPLOYMENT_TARGET = 26.5;
				MARKETING_VERSION = 1.0;
				PRODUCT_BUNDLE_IDENTIFIER = com.mattypw.ReviseGridTests;
				PRODUCT_NAME = "$(TARGET_NAME)";
				STRING_CATALOG_GENERATE_SYMBOLS = NO;
				SWIFT_APPROACHABLE_CONCURRENCY = YES;
				SWIFT_EMIT_LOC_STRINGS = NO;
				SWIFT_UPCOMING_FEATURE_MEMBER_IMPORT_VISIBILITY = YES;
				SWIFT_VERSION = 5.0;
				TARGETED_DEVICE_FAMILY = "1,2";
				TEST_HOST = "$(BUILT_PRODUCTS_DIR)/ReviseGrid.app/$(BUNDLE_EXECUTABLE_FOLDER_PATH)/ReviseGrid";
			};
			name = Debug;
		};
		48B8C61F304A143300DEEFF0 /* Release */ = {
			isa = XCBuildConfiguration;
			buildSettings = {
				BUNDLE_LOADER = "$(TEST_HOST)";
				CODE_SIGN_STYLE = Automatic;
				CURRENT_PROJECT_VERSION = 1;
				GENERATE_INFOPLIST_FILE = YES;
				IPHONEOS_DEPLOYMENT_TARGET = 26.5;
				MARKETING_VERSION = 1.0;
				PRODUCT_BUNDLE_IDENTIFIER = com.mattypw.ReviseGridTests;
				PRODUCT_NAME = "$(TARGET_NAME)";
				STRING_CATALOG_GENERATE_SYMBOLS = NO;
				SWIFT_APPROACHABLE_CONCURRENCY = YES;
				SWIFT_EMIT_LOC_STRINGS = NO;
				SWIFT_UPCOMING_FEATURE_MEMBER_IMPORT_VISIBILITY = YES;
				SWIFT_VERSION = 5.0;
				TARGETED_DEVICE_FAMILY = "1,2";
				TEST_HOST = "$(BUILT_PRODUCTS_DIR)/ReviseGrid.app/$(BUNDLE_EXECUTABLE_FOLDER_PATH)/ReviseGrid";
			};
			name = Release;
		};
		48B8C621304A143300DEEFF0 /* Debug */ = {
			isa = XCBuildConfiguration;
			buildSettings = {
				CODE_SIGN_STYLE = Automatic;
				CURRENT_PROJECT_VERSION = 1;
				GENERATE_INFOPLIST_FILE = YES;
				MARKETING_VERSION = 1.0;
				PRODUCT_BUNDLE_IDENTIFIER = com.mattypw.ReviseGridUITests;
				PRODUCT_NAME = "$(TARGET_NAME)";
				STRING_CATALOG_GENERATE_SYMBOLS = NO;
				SWIFT_APPROACHABLE_CONCURRENCY = YES;
				SWIFT_EMIT_LOC_STRINGS = NO;
				SWIFT_UPCOMING_FEATURE_MEMBER_IMPORT_VISIBILITY = YES;
				SWIFT_VERSION = 5.0;
				TARGETED_DEVICE_FAMILY = "1,2";
				TEST_TARGET_NAME = ReviseGrid;
			};
			name = Debug;
		};
		48B8C622304A143300DEEFF0 /* Release */ = {
			isa = XCBuildConfiguration;
			buildSettings = {
				CODE_SIGN_STYLE = Automatic;
				CURRENT_PROJECT_VERSION = 1;
				GENERATE_INFOPLIST_FILE = YES;
				MARKETING_VERSION = 1.0;
				PRODUCT_BUNDLE_IDENTIFIER = com.mattypw.ReviseGridUITests;
				PRODUCT_NAME = "$(TARGET_NAME)";
				STRING_CATALOG_GENERATE_SYMBOLS = NO;
				SWIFT_APPROACHABLE_CONCURRENCY = YES;
				SWIFT_EMIT_LOC_STRINGS = NO;
				SWIFT_UPCOMING_FEATURE_MEMBER_IMPORT_VISIBILITY = YES;
				SWIFT_VERSION = 5.0;
				TARGETED_DEVICE_FAMILY = "1,2";
				TEST_TARGET_NAME = ReviseGrid;
			};
			name = Release;
		};
/* End XCBuildConfiguration section */

/* Begin XCConfigurationList section */
		48B8C5F4304A143200DEEFF0 /* Build configuration list for PBXProject "ReviseGrid" */ = {
			isa = XCConfigurationList;
			buildConfigurations = (
				48B8C618304A143300DEEFF0 /* Debug */,
				48B8C619304A143300DEEFF0 /* Release */,
			);
			defaultConfigurationIsVisible = 0;
			defaultConfigurationName = Release;
		};
		48B8C61A304A143300DEEFF0 /* Build configuration list for PBXNativeTarget "ReviseGrid" */ = {
			isa = XCConfigurationList;
			buildConfigurations = (
				48B8C61B304A143300DEEFF0 /* Debug */,
				48B8C61C304A143300DEEFF0 /* Release */,
			);
			defaultConfigurationIsVisible = 0;
			defaultConfigurationName = Release;
		};
		48B8C61D304A143300DEEFF0 /* Build configuration list for PBXNativeTarget "ReviseGridTests" */ = {
			isa = XCConfigurationList;
			buildConfigurations = (
				48B8C61E304A143300DEEFF0 /* Debug */,
				48B8C61F304A143300DEEFF0 /* Release */,
			);
			defaultConfigurationIsVisible = 0;
			defaultConfigurationName = Release;
		};
		48B8C620304A143300DEEFF0 /* Build configuration list for PBXNativeTarget "ReviseGridUITests" */ = {
			isa = XCConfigurationList;
			buildConfigurations = (
				48B8C621304A143300DEEFF0 /* Debug */,
				48B8C622304A143300DEEFF0 /* Release */,
			);
			defaultConfigurationIsVisible = 0;
			defaultConfigurationName = Release;
		};
/* End XCConfigurationList section */
	};
	rootObject = 48B8C5F1304A143200DEEFF0 /* Project object */;
}
